// !$*UTF8*$!
{
	archiveVersion = 1;
	classes = {
	};
	objectVersion = 56;
	objects = {

/* Begin PBXBuildFile section */
		070773062B08547F008655E6 /* HomeView.swift in Sources */ = {isa = PBXBuildFile; fileRef = 070773052B08547F008655E6 /* HomeView.swift */; };
		070773082B085646008655E6 /* OnboardingView.swift in Sources */ = {isa = PBXBuildFile; fileRef = 070773072B085646008655E6 /* OnboardingView.swift */; };
		07195B472B0D97AE001CC92B /* ShowingAnimalSegmentedControlElement.swift in Sources */ = {isa = PBXBuildFile; fileRef = 07195B462B0D97AE001CC92B /* ShowingAnimalSegmentedControlElement.swift */; };
		0781EE652B085CC7003B8DC5 /* Data.swift in Sources */ = {isa = PBXBuildFile; fileRef = 0781EE642B085CC7003B8DC5 /* Data.swift */; };
		0781EE672B086751003B8DC5 /* AnimalEmotionElement.swift in Sources */ = {isa = PBXBuildFile; fileRef = 0781EE662B086751003B8DC5 /* AnimalEmotionElement.swift */; };
		078EFB662AF5FD48003064A6 /* Persistence.swift in Sources */ = {isa = PBXBuildFile; fileRef = 078EFB652AF5FD48003064A6 /* Persistence.swift */; };
		1E04D1812B1438D90025BC9C /* HabitCompletionStatus.swift in Sources */ = {isa = PBXBuildFile; fileRef = 1E04D1802B1438D90025BC9C /* HabitCompletionStatus.swift */; };
		1E5DBACF2B0AFA6800BF7A50 /* GoalDetailView.swift in Sources */ = {isa = PBXBuildFile; fileRef = 1E5DBACC2B0AFA6800BF7A50 /* GoalDetailView.swift */; };
		1E5DBAD02B0AFA6800BF7A50 /* NewGoalView.swift in Sources */ = {isa = PBXBuildFile; fileRef = 1E5DBACD2B0AFA6800BF7A50 /* NewGoalView.swift */; };
		1E5DBADE2B0AFE2100BF7A50 /* GoalView.swift in Sources */ = {isa = PBXBuildFile; fileRef = 1E5DBADD2B0AFE2100BF7A50 /* GoalView.swift */; };
		1E5DBAE02B0B091700BF7A50 /* AnimalView.swift in Sources */ = {isa = PBXBuildFile; fileRef = 1E5DBADF2B0B091700BF7A50 /* AnimalView.swift */; };
		1E5DBAE22B0B092F00BF7A50 /* NotificationView.swift in Sources */ = {isa = PBXBuildFile; fileRef = 1E5DBAE12B0B092F00BF7A50 /* NotificationView.swift */; };
		1E5DBAE42B0B0B7200BF7A50 /* GoalEditView.swift in Sources */ = {isa = PBXBuildFile; fileRef = 1E5DBAE32B0B0B7200BF7A50 /* GoalEditView.swift */; };
		1E8A3CEB2B0C55ED008771CC /* HabitCompletionView.swift in Sources */ = {isa = PBXBuildFile; fileRef = 1E8A3CEA2B0C55ED008771CC /* HabitCompletionView.swift */; };
		1E8A3CED2B0C55FD008771CC /* GoalCompletionView.swift in Sources */ = {isa = PBXBuildFile; fileRef = 1E8A3CEC2B0C55FD008771CC /* GoalCompletionView.swift */; };
		99B36A9C2B0B2E1F00BD3CC4 /* AnimalPickerView.swift in Sources */ = {isa = PBXBuildFile; fileRef = 99B36A9B2B0B2E1F00BD3CC4 /* AnimalPickerView.swift */; };
		99F04C042AA596820089ED13 /* RatatouilleApp.swift in Sources */ = {isa = PBXBuildFile; fileRef = 99F04C032AA596820089ED13 /* RatatouilleApp.swift */; };
		99F04C062AA596820089ED13 /* ContentView.swift in Sources */ = {isa = PBXBuildFile; fileRef = 99F04C052AA596820089ED13 /* ContentView.swift */; };
		99F04C082AA596870089ED13 /* Assets.xcassets in Resources */ = {isa = PBXBuildFile; fileRef = 99F04C072AA596870089ED13 /* Assets.xcassets */; };
		99F04C0B2AA596870089ED13 /* Preview Assets.xcassets in Resources */ = {isa = PBXBuildFile; fileRef = 99F04C0A2AA596870089ED13 /* Preview Assets.xcassets */; };
		D93A5B172B1346A4002A1FE6 /* ConfettiSwiftUI in Frameworks */ = {isa = PBXBuildFile; productRef = D93A5B162B1346A4002A1FE6 /* ConfettiSwiftUI */; };
		D94B0F3A2B0C8EC600BDE01C /* AnimalsViewModel.swift in Sources */ = {isa = PBXBuildFile; fileRef = D94B0F392B0C8EC600BDE01C /* AnimalsViewModel.swift */; };
		D97165012B10A6BA00BE63C8 /* CircleView.swift in Sources */ = {isa = PBXBuildFile; fileRef = D97165002B10A6BA00BE63C8 /* CircleView.swift */; };
		D97165052B10A74500BE63C8 /* CirclesTopView.swift in Sources */ = {isa = PBXBuildFile; fileRef = D97165042B10A74500BE63C8 /* CirclesTopView.swift */; };
		D97165072B10A77400BE63C8 /* AnimateProgressView.swift in Sources */ = {isa = PBXBuildFile; fileRef = D97165062B10A77400BE63C8 /* AnimateProgressView.swift */; };
		D9FCBEC62B19074F00FB5869 /* CalendarView.swift in Sources */ = {isa = PBXBuildFile; fileRef = D9FCBEC52B19074F00FB5869 /* CalendarView.swift */; };
		D9FCBEC92B19078100FB5869 /* FSCalendar in Frameworks */ = {isa = PBXBuildFile; productRef = D9FCBEC82B19078100FB5869 /* FSCalendar */; };
/* End PBXBuildFile section */

/* Begin PBXFileReference section */
		070773052B08547F008655E6 /* HomeView.swift */ = {isa = PBXFileReference; lastKnownFileType = sourcecode.swift; path = HomeView.swift; sourceTree = "<group>"; };
		070773072B085646008655E6 /* OnboardingView.swift */ = {isa = PBXFileReference; lastKnownFileType = sourcecode.swift; path = OnboardingView.swift; sourceTree = "<group>"; };
		07195B462B0D97AE001CC92B /* ShowingAnimalSegmentedControlElement.swift */ = {isa = PBXFileReference; fileEncoding = 4; lastKnownFileType = sourcecode.swift; path = ShowingAnimalSegmentedControlElement.swift; sourceTree = "<group>"; };
		0781EE642B085CC7003B8DC5 /* Data.swift */ = {isa = PBXFileReference; lastKnownFileType = sourcecode.swift; path = Data.swift; sourceTree = "<group>"; };
		0781EE662B086751003B8DC5 /* AnimalEmotionElement.swift */ = {isa = PBXFileReference; lastKnownFileType = sourcecode.swift; name = AnimalEmotionElement.swift; path = "Ratatouille/UI Elements/HomeViewElements/AnimalEmotionElement.swift"; sourceTree = SOURCE_ROOT; };
		078EFB652AF5FD48003064A6 /* Persistence.swift */ = {isa = PBXFileReference; lastKnownFileType = sourcecode.swift; path = Persistence.swift; sourceTree = "<group>"; };
		1E04D1802B1438D90025BC9C /* HabitCompletionStatus.swift */ = {isa = PBXFileReference; fileEncoding = 4; lastKnownFileType = sourcecode.swift; path = HabitCompletionStatus.swift; sourceTree = "<group>"; };
		1E5DBACC2B0AFA6800BF7A50 /* GoalDetailView.swift */ = {isa = PBXFileReference; fileEncoding = 4; lastKnownFileType = sourcecode.swift; path = GoalDetailView.swift; sourceTree = "<group>"; };
		1E5DBACD2B0AFA6800BF7A50 /* NewGoalView.swift */ = {isa = PBXFileReference; fileEncoding = 4; lastKnownFileType = sourcecode.swift; path = NewGoalView.swift; sourceTree = "<group>"; };
		1E5DBADD2B0AFE2100BF7A50 /* GoalView.swift */ = {isa = PBXFileReference; lastKnownFileType = sourcecode.swift; path = GoalView.swift; sourceTree = "<group>"; };
		1E5DBADF2B0B091700BF7A50 /* AnimalView.swift */ = {isa = PBXFileReference; lastKnownFileType = sourcecode.swift; path = AnimalView.swift; sourceTree = "<group>"; };
		1E5DBAE12B0B092F00BF7A50 /* NotificationView.swift */ = {isa = PBXFileReference; lastKnownFileType = sourcecode.swift; path = NotificationView.swift; sourceTree = "<group>"; };
		1E5DBAE32B0B0B7200BF7A50 /* GoalEditView.swift */ = {isa = PBXFileReference; lastKnownFileType = sourcecode.swift; path = GoalEditView.swift; sourceTree = "<group>"; };
		1E8A3CEA2B0C55ED008771CC /* HabitCompletionView.swift */ = {isa = PBXFileReference; lastKnownFileType = sourcecode.swift; path = HabitCompletionView.swift; sourceTree = "<group>"; };
		1E8A3CEC2B0C55FD008771CC /* GoalCompletionView.swift */ = {isa = PBXFileReference; lastKnownFileType = sourcecode.swift; path = GoalCompletionView.swift; sourceTree = "<group>"; };
		99B36A9B2B0B2E1F00BD3CC4 /* AnimalPickerView.swift */ = {isa = PBXFileReference; lastKnownFileType = sourcecode.swift; path = AnimalPickerView.swift; sourceTree = "<group>"; };
		99F04C002AA596820089ED13 /* Ratatouille.app */ = {isa = PBXFileReference; explicitFileType = wrapper.application; includeInIndex = 0; path = Ratatouille.app; sourceTree = BUILT_PRODUCTS_DIR; };
		99F04C032AA596820089ED13 /* RatatouilleApp.swift */ = {isa = PBXFileReference; lastKnownFileType = sourcecode.swift; path = RatatouilleApp.swift; sourceTree = "<group>"; };
		99F04C052AA596820089ED13 /* ContentView.swift */ = {isa = PBXFileReference; lastKnownFileType = sourcecode.swift; path = ContentView.swift; sourceTree = "<group>"; };
		99F04C072AA596870089ED13 /* Assets.xcassets */ = {isa = PBXFileReference; lastKnownFileType = folder.assetcatalog; path = Assets.xcassets; sourceTree = "<group>"; };
		99F04C0A2AA596870089ED13 /* Preview Assets.xcassets */ = {isa = PBXFileReference; lastKnownFileType = folder.assetcatalog; path = "Preview Assets.xcassets"; sourceTree = "<group>"; };
		D94B0F392B0C8EC600BDE01C /* AnimalsViewModel.swift */ = {isa = PBXFileReference; lastKnownFileType = sourcecode.swift; path = AnimalsViewModel.swift; sourceTree = "<group>"; };
		D97165002B10A6BA00BE63C8 /* CircleView.swift */ = {isa = PBXFileReference; lastKnownFileType = sourcecode.swift; path = CircleView.swift; sourceTree = "<group>"; };
		D97165042B10A74500BE63C8 /* CirclesTopView.swift */ = {isa = PBXFileReference; lastKnownFileType = sourcecode.swift; path = CirclesTopView.swift; sourceTree = "<group>"; };
		D97165062B10A77400BE63C8 /* AnimateProgressView.swift */ = {isa = PBXFileReference; lastKnownFileType = sourcecode.swift; path = AnimateProgressView.swift; sourceTree = "<group>"; };
		D9FCBEC52B19074F00FB5869 /* CalendarView.swift */ = {isa = PBXFileReference; lastKnownFileType = sourcecode.swift; path = CalendarView.swift; sourceTree = "<group>"; };
/* End PBXFileReference section */

/* Begin PBXFrameworksBuildPhase section */
		99F04BFD2AA596820089ED13 /* Frameworks */ = {
			isa = PBXFrameworksBuildPhase;
			buildActionMask = 2147483647;
			files = (
				D93A5B172B1346A4002A1FE6 /* ConfettiSwiftUI in Frameworks */,
				D9FCBEC92B19078100FB5869 /* FSCalendar in Frameworks */,
			);
			runOnlyForDeploymentPostprocessing = 0;
		};
/* End PBXFrameworksBuildPhase section */

/* Begin PBXGroup section */
		0781EE682B08701C003B8DC5 /* HomeViewElements */ = {
			isa = PBXGroup;
			children = (
				07195B462B0D97AE001CC92B /* ShowingAnimalSegmentedControlElement.swift */,
				0781EE662B086751003B8DC5 /* AnimalEmotionElement.swift */,
			);
			path = HomeViewElements;
			sourceTree = "<group>";
		};
		07EF47852AA5A55900DF4318 /* Views */ = {
			isa = PBXGroup;
			children = (
				99F04C052AA596820089ED13 /* ContentView.swift */,
				070773052B08547F008655E6 /* HomeView.swift */,
				1E5DBADD2B0AFE2100BF7A50 /* GoalView.swift */,
				D97165002B10A6BA00BE63C8 /* CircleView.swift */,
				D97165042B10A74500BE63C8 /* CirclesTopView.swift */,
				1E5DBACD2B0AFA6800BF7A50 /* NewGoalView.swift */,
				1E5DBADF2B0B091700BF7A50 /* AnimalView.swift */,
				D97165062B10A77400BE63C8 /* AnimateProgressView.swift */,
				D9FCBEC52B19074F00FB5869 /* CalendarView.swift */,
				1E5DBACC2B0AFA6800BF7A50 /* GoalDetailView.swift */,
				99B36A9B2B0B2E1F00BD3CC4 /* AnimalPickerView.swift */,
				1E5DBAE12B0B092F00BF7A50 /* NotificationView.swift */,
				1E8A3CEA2B0C55ED008771CC /* HabitCompletionView.swift */,
				1E8A3CEC2B0C55FD008771CC /* GoalCompletionView.swift */,
				070773072B085646008655E6 /* OnboardingView.swift */,
				1E5DBAE32B0B0B7200BF7A50 /* GoalEditView.swift */,
			);
			path = Views;
			sourceTree = "<group>";
		};
		07EF47862AA5A56400DF4318 /* UI Elements */ = {
			isa = PBXGroup;
			children = (
				0781EE682B08701C003B8DC5 /* HomeViewElements */,
			);
			path = "UI Elements";
			sourceTree = "<group>";
		};
		07EF47872AA5A57700DF4318 /* Backend */ = {
			isa = PBXGroup;
			children = (
				1E04D1802B1438D90025BC9C /* HabitCompletionStatus.swift */,
				99F04C032AA596820089ED13 /* RatatouilleApp.swift */,
				D94B0F392B0C8EC600BDE01C /* AnimalsViewModel.swift */,
				078EFB652AF5FD48003064A6 /* Persistence.swift */,
				0781EE642B085CC7003B8DC5 /* Data.swift */,
			);
			path = Backend;
			sourceTree = "<group>";
		};
		99F04BF72AA596820089ED13 = {
			isa = PBXGroup;
			children = (
				99F04C022AA596820089ED13 /* Ratatouille */,
				99F04C012AA596820089ED13 /* Products */,
			);
			sourceTree = "<group>";
		};
		99F04C012AA596820089ED13 /* Products */ = {
			isa = PBXGroup;
			children = (
				99F04C002AA596820089ED13 /* Ratatouille.app */,
			);
			name = Products;
			sourceTree = "<group>";
		};
		99F04C022AA596820089ED13 /* Ratatouille */ = {
			isa = PBXGroup;
			children = (
				07EF47862AA5A56400DF4318 /* UI Elements */,
				07EF47852AA5A55900DF4318 /* Views */,
				07EF47872AA5A57700DF4318 /* Backend */,
				99F04C072AA596870089ED13 /* Assets.xcassets */,
				99F04C092AA596870089ED13 /* Preview Content */,
			);
			path = Ratatouille;
			sourceTree = "<group>";
		};
		99F04C092AA596870089ED13 /* Preview Content */ = {
			isa = PBXGroup;
			children = (
				99F04C0A2AA596870089ED13 /* Preview Assets.xcassets */,
			);
			path = "Preview Content";
			sourceTree = "<group>";
		};
/* End PBXGroup section */

/* Begin PBXNativeTarget section */
		99F04BFF2AA596820089ED13 /* Ratatouille */ = {
			isa = PBXNativeTarget;
			buildConfigurationList = 99F04C0E2AA596870089ED13 /* Build configuration list for PBXNativeTarget "Ratatouille" */;
			buildPhases = (
				99F04BFC2AA596820089ED13 /* Sources */,
				99F04BFD2AA596820089ED13 /* Frameworks */,
				99F04BFE2AA596820089ED13 /* Resources */,
			);
			buildRules = (
			);
			dependencies = (
			);
			name = Ratatouille;
			packageProductDependencies = (
				D93A5B162B1346A4002A1FE6 /* ConfettiSwiftUI */,
				D9FCBEC82B19078100FB5869 /* FSCalendar */,
			);
			productName = Ratatouille;
			productReference = 99F04C002AA596820089ED13 /* Ratatouille.app */;
			productType = "com.apple.product-type.application";
		};
/* End PBXNativeTarget section */

/* Begin PBXProject section */
		99F04BF82AA596820089ED13 /* Project object */ = {
			isa = PBXProject;
			attributes = {
				BuildIndependentTargetsInParallel = 1;
				LastSwiftUpdateCheck = 1420;
				LastUpgradeCheck = 1420;
				TargetAttributes = {
					99F04BFF2AA596820089ED13 = {
						CreatedOnToolsVersion = 14.2;
					};
				};
			};
			buildConfigurationList = 99F04BFB2AA596820089ED13 /* Build configuration list for PBXProject "Ratatouille" */;
			compatibilityVersion = "Xcode 14.0";
			developmentRegion = en;
			hasScannedForEncodings = 0;
			knownRegions = (
				en,
				Base,
			);
			mainGroup = 99F04BF72AA596820089ED13;
			packageReferences = (
				D93A5B152B1346A4002A1FE6 /* XCRemoteSwiftPackageReference "ConfettiSwiftUI" */,
				D9FCBEC72B19078100FB5869 /* XCRemoteSwiftPackageReference "FSCalendar" */,
			);
			productRefGroup = 99F04C012AA596820089ED13 /* Products */;
			projectDirPath = "";
			projectRoot = "";
			targets = (
				99F04BFF2AA596820089ED13 /* Ratatouille */,
			);
		};
/* End PBXProject section */

/* Begin PBXResourcesBuildPhase section */
		99F04BFE2AA596820089ED13 /* Resources */ = {
			isa = PBXResourcesBuildPhase;
			buildActionMask = 2147483647;
			files = (
				99F04C0B2AA596870089ED13 /* Preview Assets.xcassets in Resources */,
				99F04C082AA596870089ED13 /* Assets.xcassets in Resources */,
			);
			runOnlyForDeploymentPostprocessing = 0;
		};
/* End PBXResourcesBuildPhase section */

/* Begin PBXSourcesBuildPhase section */
		99F04BFC2AA596820089ED13 /* Sources */ = {
			isa = PBXSourcesBuildPhase;
			buildActionMask = 2147483647;
			files = (
				1E5DBAE02B0B091700BF7A50 /* AnimalView.swift in Sources */,
				D97165052B10A74500BE63C8 /* CirclesTopView.swift in Sources */,
				D9FCBEC62B19074F00FB5869 /* CalendarView.swift in Sources */,
				1E8A3CEB2B0C55ED008771CC /* HabitCompletionView.swift in Sources */,
				07195B472B0D97AE001CC92B /* ShowingAnimalSegmentedControlElement.swift in Sources */,
				99B36A9C2B0B2E1F00BD3CC4 /* AnimalPickerView.swift in Sources */,
				1E5DBAE22B0B092F00BF7A50 /* NotificationView.swift in Sources */,
				0781EE652B085CC7003B8DC5 /* Data.swift in Sources */,
				99F04C062AA596820089ED13 /* ContentView.swift in Sources */,
				1E5DBAD02B0AFA6800BF7A50 /* NewGoalView.swift in Sources */,
				1E5DBADE2B0AFE2100BF7A50 /* GoalView.swift in Sources */,
				1E04D1812B1438D90025BC9C /* HabitCompletionStatus.swift in Sources */,
				078EFB662AF5FD48003064A6 /* Persistence.swift in Sources */,
				0781EE672B086751003B8DC5 /* AnimalEmotionElement.swift in Sources */,
				1E5DBAE42B0B0B7200BF7A50 /* GoalEditView.swift in Sources */,
				070773082B085646008655E6 /* OnboardingView.swift in Sources */,
				1E8A3CED2B0C55FD008771CC /* GoalCompletionView.swift in Sources */,
				1E5DBACF2B0AFA6800BF7A50 /* GoalDetailView.swift in Sources */,
				D97165012B10A6BA00BE63C8 /* CircleView.swift in Sources */,
				070773062B08547F008655E6 /* HomeView.swift in Sources */,
				D97165072B10A77400BE63C8 /* AnimateProgressView.swift in Sources */,
				D94B0F3A2B0C8EC600BDE01C /* AnimalsViewModel.swift in Sources */,
				99F04C042AA596820089ED13 /* RatatouilleApp.swift in Sources */,
			);
			runOnlyForDeploymentPostprocessing = 0;
		};
/* End PBXSourcesBuildPhase section */

/* Begin XCBuildConfiguration section */
		99F04C0C2AA596870089ED13 /* Debug */ = {
			isa = XCBuildConfiguration;
			buildSettings = {
				ALWAYS_SEARCH_USER_PATHS = NO;
				CLANG_ANALYZER_NONNULL = YES;
				CLANG_ANALYZER_NUMBER_OBJECT_CONVERSION = YES_AGGRESSIVE;
				CLANG_CXX_LANGUAGE_STANDARD = "gnu++20";
				CLANG_ENABLE_MODULES = YES;
				CLANG_ENABLE_OBJC_ARC = YES;
				CLANG_ENABLE_OBJC_WEAK = YES;
				CLANG_WARN_BLOCK_CAPTURE_AUTORELEASING = YES;
				CLANG_WARN_BOOL_CONVERSION = YES;
				CLANG_WARN_COMMA = YES;
				CLANG_WARN_CONSTANT_CONVERSION = YES;
				CLANG_WARN_DEPRECATED_OBJC_IMPLEMENTATIONS = YES;
				CLANG_WARN_DIRECT_OBJC_ISA_USAGE = YES_ERROR;
				CLANG_WARN_DOCUMENTATION_COMMENTS = YES;
				CLANG_WARN_EMPTY_BODY = YES;
				CLANG_WARN_ENUM_CONVERSION = YES;
				CLANG_WARN_INFINITE_RECURSION = YES;
				CLANG_WARN_INT_CONVERSION = YES;
				CLANG_WARN_NON_LITERAL_NULL_CONVERSION = YES;
				CLANG_WARN_OBJC_IMPLICIT_RETAIN_SELF = YES;
				CLANG_WARN_OBJC_LITERAL_CONVERSION = YES;
				CLANG_WARN_OBJC_ROOT_CLASS = YES_ERROR;
				CLANG_WARN_QUOTED_INCLUDE_IN_FRAMEWORK_HEADER = YES;
				CLANG_WARN_RANGE_LOOP_ANALYSIS = YES;
				CLANG_WARN_STRICT_PROTOTYPES = YES;
				CLANG_WARN_SUSPICIOUS_MOVE = YES;
				CLANG_WARN_UNGUARDED_AVAILABILITY = YES_AGGRESSIVE;
				CLANG_WARN_UNREACHABLE_CODE = YES;
				CLANG_WARN__DUPLICATE_METHOD_MATCH = YES;
				COPY_PHASE_STRIP = NO;
				DEBUG_INFORMATION_FORMAT = dwarf;
				ENABLE_STRICT_OBJC_MSGSEND = YES;
				ENABLE_TESTABILITY = YES;
				GCC_C_LANGUAGE_STANDARD = gnu11;
				GCC_DYNAMIC_NO_PIC = NO;
				GCC_NO_COMMON_BLOCKS = YES;
				GCC_OPTIMIZATION_LEVEL = 0;
				GCC_PREPROCESSOR_DEFINITIONS = (
					"DEBUG=1",
					"$(inherited)",
				);
				GCC_WARN_64_TO_32_BIT_CONVERSION = YES;
				GCC_WARN_ABOUT_RETURN_TYPE = YES_ERROR;
				GCC_WARN_UNDECLARED_SELECTOR = YES;
				GCC_WARN_UNINITIALIZED_AUTOS = YES_AGGRESSIVE;
				GCC_WARN_UNUSED_FUNCTION = YES;
				GCC_WARN_UNUSED_VARIABLE = YES;
				IPHONEOS_DEPLOYMENT_TARGET = 16.2;
				MTL_ENABLE_DEBUG_INFO = INCLUDE_SOURCE;
				MTL_FAST_MATH = YES;
				ONLY_ACTIVE_ARCH = YES;
				SDKROOT = iphoneos;
				SWIFT_ACTIVE_COMPILATION_CONDITIONS = DEBUG;
				SWIFT_OPTIMIZATION_LEVEL = "-Onone";
			};
			name = Debug;
		};
		99F04C0D2AA596870089ED13 /* Release */ = {
			isa = XCBuildConfiguration;
			buildSettings = {
				ALWAYS_SEARCH_USER_PATHS = NO;
				CLANG_ANALYZER_NONNULL = YES;
				CLANG_ANALYZER_NUMBER_OBJECT_CONVERSION = YES_AGGRESSIVE;
				CLANG_CXX_LANGUAGE_STANDARD = "gnu++20";
				CLANG_ENABLE_MODULES = YES;
				CLANG_ENABLE_OBJC_ARC = YES;
				CLANG_ENABLE_OBJC_WEAK = YES;
				CLANG_WARN_BLOCK_CAPTURE_AUTORELEASING = YES;
				CLANG_WARN_BOOL_CONVERSION = YES;
				CLANG_WARN_COMMA = YES;
				CLANG_WARN_CONSTANT_CONVERSION = YES;
				CLANG_WARN_DEPRECATED_OBJC_IMPLEMENTATIONS = YES;
				CLANG_WARN_DIRECT_OBJC_ISA_USAGE = YES_ERROR;
				CLANG_WARN_DOCUMENTATION_COMMENTS = YES;
				CLANG_WARN_EMPTY_BODY = YES;
				CLANG_WARN_ENUM_CONVERSION = YES;
				CLANG_WARN_INFINITE_RECURSION = YES;
				CLANG_WARN_INT_CONVERSION = YES;
				CLANG_WARN_NON_LITERAL_NULL_CONVERSION = YES;
				CLANG_WARN_OBJC_IMPLICIT_RETAIN_SELF = YES;
				CLANG_WARN_OBJC_LITERAL_CONVERSION = YES;
				CLANG_WARN_OBJC_ROOT_CLASS = YES_ERROR;
				CLANG_WARN_QUOTED_INCLUDE_IN_FRAMEWORK_HEADER = YES;
				CLANG_WARN_RANGE_LOOP_ANALYSIS = YES;
				CLANG_WARN_STRICT_PROTOTYPES = YES;
				CLANG_WARN_SUSPICIOUS_MOVE = YES;
				CLANG_WARN_UNGUARDED_AVAILABILITY = YES_AGGRESSIVE;
				CLANG_WARN_UNREACHABLE_CODE = YES;
				CLANG_WARN__DUPLICATE_METHOD_MATCH = YES;
				COPY_PHASE_STRIP = NO;
				DEBUG_INFORMATION_FORMAT = "dwarf-with-dsym";
				ENABLE_NS_ASSERTIONS = NO;
				ENABLE_STRICT_OBJC_MSGSEND = YES;
				GCC_C_LANGUAGE_STANDARD = gnu11;
				GCC_NO_COMMON_BLOCKS = YES;
				GCC_WARN_64_TO_32_BIT_CONVERSION = YES;
				GCC_WARN_ABOUT_RETURN_TYPE = YES_ERROR;
				GCC_WARN_UNDECLARED_SELECTOR = YES;
				GCC_WARN_UNINITIALIZED_AUTOS = YES_AGGRESSIVE;
				GCC_WARN_UNUSED_FUNCTION = YES;
				GCC_WARN_UNUSED_VARIABLE = YES;
				IPHONEOS_DEPLOYMENT_TARGET = 16.2;
				MTL_ENABLE_DEBUG_INFO = NO;
				MTL_FAST_MATH = YES;
				SDKROOT = iphoneos;
				SWIFT_COMPILATION_MODE = wholemodule;
				SWIFT_OPTIMIZATION_LEVEL = "-O";
				VALIDATE_PRODUCT = YES;
			};
			name = Release;
		};
		99F04C0F2AA596870089ED13 /* Debug */ = {
			isa = XCBuildConfiguration;
			buildSettings = {
				ASSETCATALOG_COMPILER_APPICON_NAME = AppIcon;
				ASSETCATALOG_COMPILER_GLOBAL_ACCENT_COLOR_NAME = AccentColor;
				CODE_SIGN_STYLE = Automatic;
				CURRENT_PROJECT_VERSION = 1;
				DEVELOPMENT_ASSET_PATHS = "\"Ratatouille/Preview Content\"";
				DEVELOPMENT_TEAM = 827UG7WPHC;
				ENABLE_PREVIEWS = YES;
				GENERATE_INFOPLIST_FILE = YES;
				INFOPLIST_KEY_LSApplicationCategoryType = "public.app-category.productivity";
				INFOPLIST_KEY_UIApplicationSceneManifest_Generation = YES;
				INFOPLIST_KEY_UIApplicationSupportsIndirectInputEvents = YES;
				INFOPLIST_KEY_UILaunchScreen_Generation = YES;
				INFOPLIST_KEY_UIStatusBarHidden = YES;
				INFOPLIST_KEY_UISupportedInterfaceOrientations = UIInterfaceOrientationPortrait;
				INFOPLIST_KEY_UISupportedInterfaceOrientations_iPad = "UIInterfaceOrientationLandscapeLeft UIInterfaceOrientationLandscapeRight UIInterfaceOrientationPortrait UIInterfaceOrientationPortraitUpsideDown";
				LD_RUNPATH_SEARCH_PATHS = (
					"$(inherited)",
					"@executable_path/Frameworks",
				);
				MARKETING_VERSION = 1.0;
				PRODUCT_BUNDLE_IDENTIFIER = com.Ratatouille.Ratatouille;
				PRODUCT_NAME = "$(TARGET_NAME)";
				SUPPORTED_PLATFORMS = "iphoneos iphonesimulator";
				SUPPORTS_MACCATALYST = NO;
				SUPPORTS_MAC_DESIGNED_FOR_IPHONE_IPAD = NO;
				SWIFT_EMIT_LOC_STRINGS = YES;
				SWIFT_VERSION = 5.0;
				TARGETED_DEVICE_FAMILY = 1;
			};
			name = Debug;
		};
		99F04C102AA596870089ED13 /* Release */ = {
			isa = XCBuildConfiguration;
			buildSettings = {
				ASSETCATALOG_COMPILER_APPICON_NAME = AppIcon;
				ASSETCATALOG_COMPILER_GLOBAL_ACCENT_COLOR_NAME = AccentColor;
				CODE_SIGN_STYLE = Automatic;
				CURRENT_PROJECT_VERSION = 1;
				DEVELOPMENT_ASSET_PATHS = "\"Ratatouille/Preview Content\"";
				DEVELOPMENT_TEAM = 827UG7WPHC;
				ENABLE_PREVIEWS = YES;
				GENERATE_INFOPLIST_FILE = YES;
				INFOPLIST_KEY_LSApplicationCategoryType = "public.app-category.productivity";
				INFOPLIST_KEY_UIApplicationSceneManifest_Generation = YES;
				INFOPLIST_KEY_UIApplicationSupportsIndirectInputEvents = YES;
				INFOPLIST_KEY_UILaunchScreen_Generation = YES;
				INFOPLIST_KEY_UIStatusBarHidden = YES;
				INFOPLIST_KEY_UISupportedInterfaceOrientations = UIInterfaceOrientationPortrait;
				INFOPLIST_KEY_UISupportedInterfaceOrientations_iPad = "UIInterfaceOrientationLandscapeLeft UIInterfaceOrientationLandscapeRight UIInterfaceOrientationPortrait UIInterfaceOrientationPortraitUpsideDown";
				LD_RUNPATH_SEARCH_PATHS = (
					"$(inherited)",
					"@executable_path/Frameworks",
				);
				MARKETING_VERSION = 1.0;
				PRODUCT_BUNDLE_IDENTIFIER = com.Ratatouille.Ratatouille;
				PRODUCT_NAME = "$(TARGET_NAME)";
				SUPPORTED_PLATFORMS = "iphoneos iphonesimulator";
				SUPPORTS_MACCATALYST = NO;
				SUPPORTS_MAC_DESIGNED_FOR_IPHONE_IPAD = NO;
				SWIFT_EMIT_LOC_STRINGS = YES;
				SWIFT_VERSION = 5.0;
				TARGETED_DEVICE_FAMILY = 1;
			};
			name = Release;
		};
/* End XCBuildConfiguration section */

/* Begin XCConfigurationList section */
		99F04BFB2AA596820089ED13 /* Build configuration list for PBXProject "Ratatouille" */ = {
			isa = XCConfigurationList;
			buildConfigurations = (
				99F04C0C2AA596870089ED13 /* Debug */,
				99F04C0D2AA596870089ED13 /* Release */,
			);
			defaultConfigurationIsVisible = 0;
			defaultConfigurationName = Release;
		};
		99F04C0E2AA596870089ED13 /* Build configuration list for PBXNativeTarget "Ratatouille" */ = {
			isa = XCConfigurationList;
			buildConfigurations = (
				99F04C0F2AA596870089ED13 /* Debug */,
				99F04C102AA596870089ED13 /* Release */,
			);
			defaultConfigurationIsVisible = 0;
			defaultConfigurationName = Release;
		};
/* End XCConfigurationList section */

/* Begin XCRemoteSwiftPackageReference section */
		D93A5B152B1346A4002A1FE6 /* XCRemoteSwiftPackageReference "ConfettiSwiftUI" */ = {
			isa = XCRemoteSwiftPackageReference;
			repositoryURL = "https://github.com/simibac/ConfettiSwiftUI.git";
			requirement = {
				branch = master;
				kind = branch;
			};
		};
		D9FCBEC72B19078100FB5869 /* XCRemoteSwiftPackageReference "FSCalendar" */ = {
			isa = XCRemoteSwiftPackageReference;
			repositoryURL = "https://github.com/WenchaoD/FSCalendar";
			requirement = {
				branch = master;
				kind = branch;
			};
		};
/* End XCRemoteSwiftPackageReference section */

/* Begin XCSwiftPackageProductDependency section */
		D93A5B162B1346A4002A1FE6 /* ConfettiSwiftUI */ = {
			isa = XCSwiftPackageProductDependency;
			package = D93A5B152B1346A4002A1FE6 /* XCRemoteSwiftPackageReference "ConfettiSwiftUI" */;
			productName = ConfettiSwiftUI;
		};
		D9FCBEC82B19078100FB5869 /* FSCalendar */ = {
			isa = XCSwiftPackageProductDependency;
			package = D9FCBEC72B19078100FB5869 /* XCRemoteSwiftPackageReference "FSCalendar" */;
			productName = FSCalendar;
		};
/* End XCSwiftPackageProductDependency section */
	};
	rootObject = 99F04BF82AA596820089ED13 /* Project object */;
}
